// !$*UTF8*$!
{
	archiveVersion = 1;
	classes = {
	};
	objectVersion = 55;
	objects = {

/* Begin PBXBuildFile section */
		60BD188928A40ECB00FF8682 /* AppDelegate.swift in Sources */ = {isa = PBXBuildFile; fileRef = 60BD188828A40ECB00FF8682 /* AppDelegate.swift */; };
		60BD188B28A40ECB00FF8682 /* SceneDelegate.swift in Sources */ = {isa = PBXBuildFile; fileRef = 60BD188A28A40ECB00FF8682 /* SceneDelegate.swift */; };
		60BD188D28A40ECB00FF8682 /* UbicacionViewController.swift in Sources */ = {isa = PBXBuildFile; fileRef = 60BD188C28A40ECB00FF8682 /* UbicacionViewController.swift */; };
		60BD189028A40ECB00FF8682 /* Main.storyboard in Resources */ = {isa = PBXBuildFile; fileRef = 60BD188E28A40ECB00FF8682 /* Main.storyboard */; };
		60BD189228A40ED600FF8682 /* Assets.xcassets in Resources */ = {isa = PBXBuildFile; fileRef = 60BD189128A40ED600FF8682 /* Assets.xcassets */; };
		60BD189528A40ED600FF8682 /* LaunchScreen.storyboard in Resources */ = {isa = PBXBuildFile; fileRef = 60BD189328A40ED600FF8682 /* LaunchScreen.storyboard */; };
		60BD189D28A4137200FF8682 /* BusquedaLugarViewController.swift in Sources */ = {isa = PBXBuildFile; fileRef = 60BD189C28A4137200FF8682 /* BusquedaLugarViewController.swift */; };
		60BD18A128A4141B00FF8682 /* RutaViewController.swift in Sources */ = {isa = PBXBuildFile; fileRef = 60BD18A028A4141B00FF8682 /* RutaViewController.swift */; };
/* End PBXBuildFile section */

/* Begin PBXFileReference section */
		60BD188528A40ECB00FF8682 /* Mapas&RoutingCFE.app */ = {isa = PBXFileReference; explicitFileType = wrapper.application; includeInIndex = 0; path = "Mapas&RoutingCFE.app"; sourceTree = BUILT_PRODUCTS_DIR; };
		60BD188828A40ECB00FF8682 /* AppDelegate.swift */ = {isa = PBXFileReference; lastKnownFileType = sourcecode.swift; path = AppDelegate.swift; sourceTree = "<group>"; };
		60BD188A28A40ECB00FF8682 /* SceneDelegate.swift */ = {isa = PBXFileReference; lastKnownFileType = sourcecode.swift; path = SceneDelegate.swift; sourceTree = "<group>"; };
		60BD188C28A40ECB00FF8682 /* UbicacionViewController.swift */ = {isa = PBXFileReference; lastKnownFileType = sourcecode.swift; path = UbicacionViewController.swift; sourceTree = "<group>"; };
		60BD188F28A40ECB00FF8682 /* Base */ = {isa = PBXFileReference; lastKnownFileType = file.storyboard; name = Base; path = Base.lproj/Main.storyboard; sourceTree = "<group>"; };
		60BD189128A40ED600FF8682 /* Assets.xcassets */ = {isa = PBXFileReference; lastKnownFileType = folder.assetcatalog; path = Assets.xcassets; sourceTree = "<group>"; };
		60BD189428A40ED600FF8682 /* Base */ = {isa = PBXFileReference; lastKnownFileType = file.storyboard; name = Base; path = Base.lproj/LaunchScreen.storyboard; sourceTree = "<group>"; };
		60BD189628A40ED600FF8682 /* Info.plist */ = {isa = PBXFileReference; lastKnownFileType = text.plist.xml; path = Info.plist; sourceTree = "<group>"; };
		60BD189C28A4137200FF8682 /* BusquedaLugarViewController.swift */ = {isa = PBXFileReference; lastKnownFileType = sourcecode.swift; path = BusquedaLugarViewController.swift; sourceTree = "<group>"; };
		60BD18A028A4141B00FF8682 /* RutaViewController.swift */ = {isa = PBXFileReference; lastKnownFileType = sourcecode.swift; path = RutaViewController.swift; sourceTree = "<group>"; };
/* End PBXFileReference section */

/* Begin PBXFrameworksBuildPhase section */
		60BD188228A40ECB00FF8682 /* Frameworks */ = {
			isa = PBXFrameworksBuildPhase;
			buildActionMask = 2147483647;
			files = (
			);
			runOnlyForDeploymentPostprocessing = 0;
		};
/* End PBXFrameworksBuildPhase section */

/* Begin PBXGroup section */
		60BD187C28A40ECB00FF8682 = {
			isa = PBXGroup;
			children = (
				60BD188728A40ECB00FF8682 /* Mapas&RoutingCFE */,
				60BD188628A40ECB00FF8682 /* Products */,
			);
			sourceTree = "<group>";
		};
		60BD188628A40ECB00FF8682 /* Products */ = {
			isa = PBXGroup;
			children = (
				60BD188528A40ECB00FF8682 /* Mapas&RoutingCFE.app */,
			);
			name = Products;
			sourceTree = "<group>";
		};
		60BD188728A40ECB00FF8682 /* Mapas&RoutingCFE */ = {
			isa = PBXGroup;
			children = (
				60BD188828A40ECB00FF8682 /* AppDelegate.swift */,
				60BD188A28A40ECB00FF8682 /* SceneDelegate.swift */,
				60BD188C28A40ECB00FF8682 /* UbicacionViewController.swift */,
				60BD188E28A40ECB00FF8682 /* Main.storyboard */,
				60BD189128A40ED600FF8682 /* Assets.xcassets */,
				60BD189328A40ED600FF8682 /* LaunchScreen.storyboard */,
				60BD189628A40ED600FF8682 /* Info.plist */,
				60BD189C28A4137200FF8682 /* BusquedaLugarViewController.swift */,
				60BD18A028A4141B00FF8682 /* RutaViewController.swift */,
			);
			path = "Mapas&RoutingCFE";
			sourceTree = "<group>";
		};
/* End PBXGroup section */

/* Begin PBXNativeTarget section */
		60BD188428A40ECB00FF8682 /* Mapas&RoutingCFE */ = {
			isa = PBXNativeTarget;
			buildConfigurationList = 60BD189928A40ED600FF8682 /* Build configuration list for PBXNativeTarget "Mapas&RoutingCFE" */;
			buildPhases = (
				60BD188128A40ECB00FF8682 /* Sources */,
				60BD188228A40ECB00FF8682 /* Frameworks */,
				60BD188328A40ECB00FF8682 /* Resources */,
			);
			buildRules = (
			);
			dependencies = (
			);
			name = "Mapas&RoutingCFE";
			productName = "Mapas&RoutingCFE";
			productReference = 60BD188528A40ECB00FF8682 /* Mapas&RoutingCFE.app */;
			productType = "com.apple.product-type.application";
		};
/* End PBXNativeTarget section */

/* Begin PBXProject section */
		60BD187D28A40ECB00FF8682 /* Project object */ = {
			isa = PBXProject;
			attributes = {
				BuildIndependentTargetsInParallel = 1;
				LastSwiftUpdateCheck = 1340;
				LastUpgradeCheck = 1340;
				TargetAttributes = {
					60BD188428A40ECB00FF8682 = {
						CreatedOnToolsVersion = 13.4.1;
					};
				};
			};
			buildConfigurationList = 60BD188028A40ECB00FF8682 /* Build configuration list for PBXProject "Mapas&RoutingCFE" */;
			compatibilityVersion = "Xcode 13.0";
			developmentRegion = en;
			hasScannedForEncodings = 0;
			knownRegions = (
				en,
				Base,
			);
			mainGroup = 60BD187C28A40ECB00FF8682;
			productRefGroup = 60BD188628A40ECB00FF8682 /* Products */;
			projectDirPath = "";
			projectRoot = "";
			targets = (
				60BD188428A40ECB00FF8682 /* Mapas&RoutingCFE */,
			);
		};
/* End PBXProject section */

/* Begin PBXResourcesBuildPhase section */
		60BD188328A40ECB00FF8682 /* Resources */ = {
			isa = PBXResourcesBuildPhase;
			buildActionMask = 2147483647;
			files = (
				60BD189528A40ED600FF8682 /* LaunchScreen.storyboard in Resources */,
				60BD189228A40ED600FF8682 /* Assets.xcassets in Resources */,
				60BD189028A40ECB00FF8682 /* Main.storyboard in Resources */,
			);
			runOnlyForDeploymentPostprocessing = 0;
		};
/* End PBXResourcesBuildPhase section */

/* Begin PBXSourcesBuildPhase section */
		60BD188128A40ECB00FF8682 /* Sources */ = {
			isa = PBXSourcesBuildPhase;
			buildActionMask = 2147483647;
			files = (
				60BD189D28A4137200FF8682 /* BusquedaLugarViewController.swift in Sources */,
				60BD18A128A4141B00FF8682 /* RutaViewController.swift in Sources */,
				60BD188D28A40ECB00FF8682 /* UbicacionViewController.swift in Sources */,
				60BD188928A40ECB00FF8682 /* AppDelegate.swift in Sources */,
				60BD188B28A40ECB00FF8682 /* SceneDelegate.swift in Sources */,
			);
			runOnlyForDeploymentPostprocessing = 0;
		};
/* End PBXSourcesBuildPhase section */

/* Begin PBXVariantGroup section */
		60BD188E28A40ECB00FF8682 /* Main.storyboard */ = {
			isa = PBXVariantGroup;
			children = (
				60BD188F28A40ECB00FF8682 /* Base */,
			);
			name = Main.storyboard;
			sourceTree = "<group>";
		};
		60BD189328A40ED600FF8682 /* LaunchScreen.storyboard */ = {
			isa = PBXVariantGroup;
			children = (
				60BD189428A40ED600FF8682 /* Base */,
			);
			name = LaunchScreen.storyboard;
			sourceTree = "<group>";
		};
/* End PBXVariantGroup section */

/* Begin XCBuildConfiguration section */
		60BD189728A40ED600FF8682 /* Debug */ = {
			isa = XCBuildConfiguration;
			buildSettings = {
				ALWAYS_SEARCH_USER_PATHS = NO;
				CLANG_ANALYZER_NONNULL = YES;
				CLANG_ANALYZER_NUMBER_OBJECT_CONVERSION = YES_AGGRESSIVE;
				CLANG_CXX_LANGUAGE_STANDARD = "gnu++17";
				CLANG_ENABLE_MODULES = YES;
				CLANG_ENABLE_OBJC_ARC = YES;
				CLANG_ENABLE_OBJC_WEAK = YES;
				CLANG_WARN_BLOCK_CAPTURE_AUTORELEASING = YES;
				CLANG_WARN_BOOL_CONVERSION = YES;
				CLANG_WARN_COMMA = YES;
				CLANG_WARN_CONSTANT_CONVERSION = YES;
				CLANG_WARN_DEPRECATED_OBJC_IMPLEMENTATIONS = YES;
				CLANG_WARN_DIRECT_OBJC_ISA_USAGE = YES_ERROR;
				CLANG_WARN_DOCUMENTATION_COMMENTS = YES;
				CLANG_WARN_EMPTY_BODY = YES;
				CLANG_WARN_ENUM_CONVERSION = YES;
				CLANG_WARN_INFINITE_RECURSION = YES;
				CLANG_WARN_INT_CONVERSION = YES;
				CLANG_WARN_NON_LITERAL_NULL_CONVERSION = YES;
				CLANG_WARN_OBJC_IMPLICIT_RETAIN_SELF = YES;
				CLANG_WARN_OBJC_LITERAL_CONVERSION = YES;
				CLANG_WARN_OBJC_ROOT_CLASS = YES_ERROR;
				CLANG_WARN_QUOTED_INCLUDE_IN_FRAMEWORK_HEADER = YES;
				CLANG_WARN_RANGE_LOOP_ANALYSIS = YES;
				CLANG_WARN_STRICT_PROTOTYPES = YES;
				CLANG_WARN_SUSPICIOUS_MOVE = YES;
				CLANG_WARN_UNGUARDED_AVAILABILITY = YES_AGGRESSIVE;
				CLANG_WARN_UNREACHABLE_CODE = YES;
				CLANG_WARN__DUPLICATE_METHOD_MATCH = YES;
				COPY_PHASE_STRIP = NO;
				DEBUG_INFORMATION_FORMAT = dwarf;
				ENABLE_STRICT_OBJC_MSGSEND = YES;
				ENABLE_TESTABILITY = YES;
				GCC_C_LANGUAGE_STANDARD = gnu11;
				GCC_DYNAMIC_NO_PIC = NO;
				GCC_NO_COMMON_BLOCKS = YES;
				GCC_OPTIMIZATION_LEVEL = 0;
				GCC_PREPROCESSOR_DEFINITIONS = (
					"DEBUG=1",
					"$(inherited)",
				);
				GCC_WARN_64_TO_32_BIT_CONVERSION = YES;
				GCC_WARN_ABOUT_RETURN_TYPE = YES_ERROR;
				GCC_WARN_UNDECLARED_SELECTOR = YES;
				GCC_WARN_UNINITIALIZED_AUTOS = YES_AGGRESSIVE;
				GCC_WARN_UNUSED_FUNCTION = YES;
				GCC_WARN_UNUSED_VARIABLE = YES;
				IPHONEOS_DEPLOYMENT_TARGET = 15.5;
				MTL_ENABLE_DEBUG_INFO = INCLUDE_SOURCE;
				MTL_FAST_MATH = YES;
				ONLY_ACTIVE_ARCH = YES;
				SDKROOT = iphoneos;
				SWIFT_ACTIVE_COMPILATION_CONDITIONS = DEBUG;
				SWIFT_OPTIMIZATION_LEVEL = "-Onone";
			};
			name = Debug;
		};
		60BD189828A40ED600FF8682 /* Release */ = {
			isa = XCBuildConfiguration;
			buildSettings = {
				ALWAYS_SEARCH_USER_PATHS = NO;
				CLANG_ANALYZER_NONNULL = YES;
				CLANG_ANALYZER_NUMBER_OBJECT_CONVERSION = YES_AGGRESSIVE;
				CLANG_CXX_LANGUAGE_STANDARD = "gnu++17";
				CLANG_ENABLE_MODULES = YES;
				CLANG_ENABLE_OBJC_ARC = YES;
				CLANG_ENABLE_OBJC_WEAK = YES;
				CLANG_WARN_BLOCK_CAPTURE_AUTORELEASING = YES;
				CLANG_WARN_BOOL_CONVERSION = YES;
				CLANG_WARN_COMMA = YES;
				CLANG_WARN_CONSTANT_CONVERSION = YES;
				CLANG_WARN_DEPRECATED_OBJC_IMPLEMENTATIONS = YES;
				CLANG_WARN_DIRECT_OBJC_ISA_USAGE = YES_ERROR;
				CLANG_WARN_DOCUMENTATION_COMMENTS = YES;
				CLANG_WARN_EMPTY_BODY = YES;
				CLANG_WARN_ENUM_CONVERSION = YES;
				CLANG_WARN_INFINITE_RECURSION = YES;
				CLANG_WARN_INT_CONVERSION = YES;
				CLANG_WARN_NON_LITERAL_NULL_CONVERSION = YES;
				CLANG_WARN_OBJC_IMPLICIT_RETAIN_SELF = YES;
				CLANG_WARN_OBJC_LITERAL_CONVERSION = YES;
				CLANG_WARN_OBJC_ROOT_CLASS = YES_ERROR;
				CLANG_WARN_QUOTED_INCLUDE_IN_FRAMEWORK_HEADER = YES;
				CLANG_WARN_RANGE_LOOP_ANALYSIS = YES;
				CLANG_WARN_STRICT_PROTOTYPES = YES;
				CLANG_WARN_SUSPICIOUS_MOVE = YES;
				CLANG_WARN_UNGUARDED_AVAILABILITY = YES_AGGRESSIVE;
				CLANG_WARN_UNREACHABLE_CODE = YES;
				CLANG_WARN__DUPLICATE_METHOD_MATCH = YES;
				COPY_PHASE_STRIP = NO;
				DEBUG_INFORMATION_FORMAT = "dwarf-with-dsym";
				ENABLE_NS_ASSERTIONS = NO;
				ENABLE_STRICT_OBJC_MSGSEND = YES;
				GCC_C_LANGUAGE_STANDARD = gnu11;
				GCC_NO_COMMON_BLOCKS = YES;
				GCC_WARN_64_TO_32_BIT_CONVERSION = YES;
				GCC_WARN_ABOUT_RETURN_TYPE = YES_ERROR;
				GCC_WARN_UNDECLARED_SELECTOR = YES;
				GCC_WARN_UNINITIALIZED_AUTOS = YES_AGGRESSIVE;
				GCC_WARN_UNUSED_FUNCTION = YES;
				GCC_WARN_UNUSED_VARIABLE = YES;
				IPHONEOS_DEPLOYMENT_TARGET = 15.5;
				MTL_ENABLE_DEBUG_INFO = NO;
				MTL_FAST_MATH = YES;
				SDKROOT = iphoneos;
				SWIFT_COMPILATION_MODE = wholemodule;
				SWIFT_OPTIMIZATION_LEVEL = "-O";
				VALIDATE_PRODUCT = YES;
			};
			name = Release;
		};
		60BD189A28A40ED600FF8682 /* Debug */ = {
			isa = XCBuildConfiguration;
			buildSettings = {
				ASSETCATALOG_COMPILER_APPICON_NAME = AppIcon;
				ASSETCATALOG_COMPILER_GLOBAL_ACCENT_COLOR_NAME = AccentColor;
				CODE_SIGN_STYLE = Automatic;
				CURRENT_PROJECT_VERSION = 1;
				DEVELOPMENT_TEAM = 345UR7Z9A7;
				GENERATE_INFOPLIST_FILE = YES;
				INFOPLIST_FILE = "Mapas&RoutingCFE/Info.plist";
				INFOPLIST_KEY_UIApplicationSupportsIndirectInputEvents = YES;
				INFOPLIST_KEY_UILaunchStoryboardName = LaunchScreen;
				INFOPLIST_KEY_UIMainStoryboardFile = Main;
				INFOPLIST_KEY_UISupportedInterfaceOrientations_iPad = "UIInterfaceOrientationPortrait UIInterfaceOrientationPortraitUpsideDown UIInterfaceOrientationLandscapeLeft UIInterfaceOrientationLandscapeRight";
				INFOPLIST_KEY_UISupportedInterfaceOrientations_iPhone = "UIInterfaceOrientationPortrait UIInterfaceOrientationLandscapeLeft UIInterfaceOrientationLandscapeRight";
				LD_RUNPATH_SEARCH_PATHS = (
					"$(inherited)",
					"@executable_path/Frameworks",
				);
				MARKETING_VERSION = 1.0;
				PRODUCT_BUNDLE_IDENTIFIER = "com.rotadev.Mapas-RoutingCFE";
				PRODUCT_NAME = "$(TARGET_NAME)";
				SWIFT_EMIT_LOC_STRINGS = YES;
				SWIFT_VERSION = 5.0;
				TARGETED_DEVICE_FAMILY = "1,2";
			};
			name = Debug;
		};
		60BD189B28A40ED600FF8682 /* Release */ = {
			isa = XCBuildConfiguration;
			buildSettings = {
				ASSETCATALOG_COMPILER_APPICON_NAME = AppIcon;
				ASSETCATALOG_COMPILER_GLOBAL_ACCENT_COLOR_NAME = AccentColor;
				CODE_SIGN_STYLE = Automatic;
				CURRENT_PROJECT_VERSION = 1;
				DEVELOPMENT_TEAM = 345UR7Z9A7;
				GENERATE_INFOPLIST_FILE = YES;
				INFOPLIST_FILE = "Mapas&RoutingCFE/Info.plist";
				INFOPLIST_KEY_UIApplicationSupportsIndirectInputEvents = YES;
				INFOPLIST_KEY_UILaunchStoryboardName = LaunchScreen;
				INFOPLIST_KEY_UIMainStoryboardFile = Main;
				INFOPLIST_KEY_UISupportedInterfaceOrientations_iPad = "UIInterfaceOrientationPortrait UIInterfaceOrientationPortraitUpsideDown UIInterfaceOrientationLandscapeLeft UIInterfaceOrientationLandscapeRight";
				INFOPLIST_KEY_UISupportedInterfaceOrientations_iPhone = "UIInterfaceOrientationPortrait UIInterfaceOrientationLandscapeLeft UIInterfaceOrientationLandscapeRight";
				LD_RUNPATH_SEARCH_PATHS = (
					"$(inherited)",
					"@executable_path/Frameworks",
				);
				MARKETING_VERSION = 1.0;
				PRODUCT_BUNDLE_IDENTIFIER = "com.rotadev.Mapas-RoutingCFE";
				PRODUCT_NAME = "$(TARGET_NAME)";
				SWIFT_EMIT_LOC_STRINGS = YES;
				SWIFT_VERSION = 5.0;
				TARGETED_DEVICE_FAMILY = "1,2";
			};
			name = Release;
		};
/* End XCBuildConfiguration section */

/* Begin XCConfigurationList section */
		60BD188028A40ECB00FF8682 /* Build configuration list for PBXProject "Mapas&RoutingCFE" */ = {
			isa = XCConfigurationList;
			buildConfigurations = (
				60BD189728A40ED600FF8682 /* Debug */,
				60BD189828A40ED600FF8682 /* Release */,
			);
			defaultConfigurationIsVisible = 0;
			defaultConfigurationName = Release;
		};
		60BD189928A40ED600FF8682 /* Build configuration list for PBXNativeTarget "Mapas&RoutingCFE" */ = {
			isa = XCConfigurationList;
			buildConfigurations = (
				60BD189A28A40ED600FF8682 /* Debug */,
				60BD189B28A40ED600FF8682 /* Release */,
			);
			defaultConfigurationIsVisible = 0;
			defaultConfigurationName = Release;
		};
/* End XCConfigurationList section */
	};
	rootObject = 60BD187D28A40ECB00FF8682 /* Project object */;
}
